
Microsoft Visual Studio Solution File, Format Version 12.00
# Visual Studio Version 16
VisualStudioVersion = 16.0.31911.196
MinimumVisualStudioVersion = 10.0.40219.1
Project("{9A19103F-16F7-4668-BE54-9A1E7A4F7556}") = "Rocket.WatchOrganizer.Core", "src\Rocket.WatchOrganizer.Core\Rocket.WatchOrganizer.Core.csproj", "{9DD73B95-1631-4798-9CB5-CB44CDAF9A2F}"
EndProject
Project("{9A19103F-16F7-4668-BE54-9A1E7A4F7556}") = "Rocket.WatchOrganizer.UI", "src\Rocket.WatchOrganizer.UI\Rocket.WatchOrganizer.UI.csproj", "{86FC81D8-B087-4A95-A3F8-6C33D5E93214}"
EndProject
Project("{FAE04EC0-301F-11D3-BF4B-00C04F79EFBC}") = "Rocket.WatchOrganizer.Droid", "src\Rocket.WatchOrganizer.Droid\Rocket.WatchOrganizer.Droid.csproj", "{05F6249E-0578-423C-B75D-5F5B80EF19D0}"
EndProject
Project("{FAE04EC0-301F-11D3-BF4B-00C04F79EFBC}") = "Rocket.WatchOrganizer.iOS", "src\Rocket.WatchOrganizer.iOS\Rocket.WatchOrganizer.iOS.csproj", "{04EEB06D-DE02-4F9D-9671-8A33BB12BFF4}"
EndProject
Project("{2150E333-8FDC-42A3-9474-1A3956D46DE8}") = "!Solution Items", "!Solution Items", "{536F30B6-949B-4C73-9484-54BE3FFDE599}"
	ProjectSection(SolutionItems) = preProject
		.editorconfig = .editorconfig
	EndProjectSection
EndProject
Global
	GlobalSection(SolutionConfigurationPlatforms) = preSolution
		Debug|Any CPU = Debug|Any CPU
		Debug|ARM = Debug|ARM
		Debug|iPhone = Debug|iPhone
		Debug|iPhoneSimulator = Debug|iPhoneSimulator
		Debug|x64 = Debug|x64
		Debug|x86 = Debug|x86
		Release|Any CPU = Release|Any CPU
		Release|ARM = Release|ARM
		Release|iPhone = Release|iPhone
		Release|iPhoneSimulator = Release|iPhoneSimulator
		Release|x64 = Release|x64
		Release|x86 = Release|x86
	EndGlobalSection
	GlobalSection(ProjectConfigurationPlatforms) = postSolution
		{9DD73B95-1631-4798-9CB5-CB44CDAF9A2F}.Debug|Any CPU.ActiveCfg = Debug|Any CPU
		{9DD73B95-1631-4798-9CB5-CB44CDAF9A2F}.Debug|Any CPU.Build.0 = Debug|Any CPU
		{9DD73B95-1631-4798-9CB5-CB44CDAF9A2F}.Debug|ARM.ActiveCfg = Debug|Any CPU
		{9DD73B95-1631-4798-9CB5-CB44CDAF9A2F}.Debug|ARM.Build.0 = Debug|Any CPU
		{9DD73B95-1631-4798-9CB5-CB44CDAF9A2F}.Debug|iPhone.ActiveCfg = Debug|Any CPU
		{9DD73B95-1631-4798-9CB5-CB44CDAF9A2F}.Debug|iPhone.Build.0 = Debug|Any CPU
		{9DD73B95-1631-4798-9CB5-CB44CDAF9A2F}.Debug|iPhoneSimulator.ActiveCfg = Debug|Any CPU
		{9DD73B95-1631-4798-9CB5-CB44CDAF9A2F}.Debug|iPhoneSimulator.Build.0 = Debug|Any CPU
		{9DD73B95-1631-4798-9CB5-CB44CDAF9A2F}.Debug|x64.ActiveCfg = Debug|Any CPU
		{9DD73B95-1631-4798-9CB5-CB44CDAF9A2F}.Debug|x64.Build.0 = Debug|Any CPU
		{9DD73B95-1631-4798-9CB5-CB44CDAF9A2F}.Debug|x86.ActiveCfg = Debug|Any CPU
		{9DD73B95-1631-4798-9CB5-CB44CDAF9A2F}.Debug|x86.Build.0 = Debug|Any CPU
		{9DD73B95-1631-4798-9CB5-CB44CDAF9A2F}.Release|Any CPU.ActiveCfg = Release|Any CPU
		{9DD73B95-1631-4798-9CB5-CB44CDAF9A2F}.Release|Any CPU.Build.0 = Release|Any CPU
		{9DD73B95-1631-4798-9CB5-CB44CDAF9A2F}.Release|ARM.ActiveCfg = Release|Any CPU
		{9DD73B95-1631-4798-9CB5-CB44CDAF9A2F}.Release|ARM.Build.0 = Release|Any CPU
		{9DD73B95-1631-4798-9CB5-CB44CDAF9A2F}.Release|iPhone.ActiveCfg = Release|Any CPU
		{9DD73B95-1631-4798-9CB5-CB44CDAF9A2F}.Release|iPhone.Build.0 = Release|Any CPU
		{9DD73B95-1631-4798-9CB5-CB44CDAF9A2F}.Release|iPhoneSimulator.ActiveCfg = Release|Any CPU
		{9DD73B95-1631-4798-9CB5-CB44CDAF9A2F}.Release|iPhoneSimulator.Build.0 = Release|Any CPU
		{9DD73B95-1631-4798-9CB5-CB44CDAF9A2F}.Release|x64.ActiveCfg = Release|Any CPU
		{9DD73B95-1631-4798-9CB5-CB44CDAF9A2F}.Release|x64.Build.0 = Release|Any CPU
		{9DD73B95-1631-4798-9CB5-CB44CDAF9A2F}.Release|x86.ActiveCfg = Release|Any CPU
		{9DD73B95-1631-4798-9CB5-CB44CDAF9A2F}.Release|x86.Build.0 = Release|Any CPU
		{86FC81D8-B087-4A95-A3F8-6C33D5E93214}.Debug|Any CPU.ActiveCfg = Debug|Any CPU
		{86FC81D8-B087-4A95-A3F8-6C33D5E93214}.Debug|Any CPU.Build.0 = Debug|Any CPU
		{86FC81D8-B087-4A95-A3F8-6C33D5E93214}.Debug|ARM.ActiveCfg = Debug|Any CPU
		{86FC81D8-B087-4A95-A3F8-6C33D5E93214}.Debug|ARM.Build.0 = Debug|Any CPU
		{86FC81D8-B087-4A95-A3F8-6C33D5E93214}.Debug|iPhone.ActiveCfg = Debug|Any CPU
		{86FC81D8-B087-4A95-A3F8-6C33D5E93214}.Debug|iPhone.Build.0 = Debug|Any CPU
		{86FC81D8-B087-4A95-A3F8-6C33D5E93214}.Debug|iPhoneSimulator.ActiveCfg = Debug|Any CPU
		{86FC81D8-B087-4A95-A3F8-6C33D5E93214}.Debug|iPhoneSimulator.Build.0 = Debug|Any CPU
		{86FC81D8-B087-4A95-A3F8-6C33D5E93214}.Debug|x64.ActiveCfg = Debug|Any CPU
		{86FC81D8-B087-4A95-A3F8-6C33D5E93214}.Debug|x64.Build.0 = Debug|Any CPU
		{86FC81D8-B087-4A95-A3F8-6C33D5E93214}.Debug|x86.ActiveCfg = Debug|Any CPU
		{86FC81D8-B087-4A95-A3F8-6C33D5E93214}.Debug|x86.Build.0 = Debug|Any CPU
		{86FC81D8-B087-4A95-A3F8-6C33D5E93214}.Release|Any CPU.ActiveCfg = Release|Any CPU
		{86FC81D8-B087-4A95-A3F8-6C33D5E93214}.Release|Any CPU.Build.0 = Release|Any CPU
		{86FC81D8-B087-4A95-A3F8-6C33D5E93214}.Release|ARM.ActiveCfg = Release|Any CPU
		{86FC81D8-B087-4A95-A3F8-6C33D5E93214}.Release|ARM.Build.0 = Release|Any CPU
		{86FC81D8-B087-4A95-A3F8-6C33D5E93214}.Release|iPhone.ActiveCfg = Release|Any CPU
		{86FC81D8-B087-4A95-A3F8-6C33D5E93214}.Release|iPhone.Build.0 = Release|Any CPU
		{86FC81D8-B087-4A95-A3F8-6C33D5E93214}.Release|iPhoneSimulator.ActiveCfg = Release|Any CPU
		{86FC81D8-B087-4A95-A3F8-6C33D5E93214}.Release|iPhoneSimulator.Build.0 = Release|Any CPU
		{86FC81D8-B087-4A95-A3F8-6C33D5E93214}.Release|x64.ActiveCfg = Release|Any CPU
		{86FC81D8-B087-4A95-A3F8-6C33D5E93214}.Release|x64.Build.0 = Release|Any CPU
		{86FC81D8-B087-4A95-A3F8-6C33D5E93214}.Release|x86.ActiveCfg = Release|Any CPU
		{86FC81D8-B087-4A95-A3F8-6C33D5E93214}.Release|x86.Build.0 = Release|Any CPU
		{05F6249E-0578-423C-B75D-5F5B80EF19D0}.Debug|Any CPU.ActiveCfg = Debug|Any CPU
		{05F6249E-0578-423C-B75D-5F5B80EF19D0}.Debug|Any CPU.Build.0 = Debug|Any CPU
		{05F6249E-0578-423C-B75D-5F5B80EF19D0}.Debug|Any CPU.Deploy.0 = Debug|Any CPU
		{05F6249E-0578-423C-B75D-5F5B80EF19D0}.Debug|ARM.ActiveCfg = Debug|Any CPU
		{05F6249E-0578-423C-B75D-5F5B80EF19D0}.Debug|ARM.Build.0 = Debug|Any CPU
		{05F6249E-0578-423C-B75D-5F5B80EF19D0}.Debug|ARM.Deploy.0 = Debug|Any CPU
		{05F6249E-0578-423C-B75D-5F5B80EF19D0}.Debug|iPhone.ActiveCfg = Debug|Any CPU
		{05F6249E-0578-423C-B75D-5F5B80EF19D0}.Debug|iPhone.Build.0 = Debug|Any CPU
		{05F6249E-0578-423C-B75D-5F5B80EF19D0}.Debug|iPhone.Deploy.0 = Debug|Any CPU
		{05F6249E-0578-423C-B75D-5F5B80EF19D0}.Debug|iPhoneSimulator.ActiveCfg = Debug|Any CPU
		{05F6249E-0578-423C-B75D-5F5B80EF19D0}.Debug|iPhoneSimulator.Build.0 = Debug|Any CPU
		{05F6249E-0578-423C-B75D-5F5B80EF19D0}.Debug|iPhoneSimulator.Deploy.0 = Debug|Any CPU
		{05F6249E-0578-423C-B75D-5F5B80EF19D0}.Debug|x64.ActiveCfg = Debug|Any CPU
		{05F6249E-0578-423C-B75D-5F5B80EF19D0}.Debug|x64.Build.0 = Debug|Any CPU
		{05F6249E-0578-423C-B75D-5F5B80EF19D0}.Debug|x64.Deploy.0 = Debug|Any CPU
		{05F6249E-0578-423C-B75D-5F5B80EF19D0}.Debug|x86.ActiveCfg = Debug|Any CPU
		{05F6249E-0578-423C-B75D-5F5B80EF19D0}.Debug|x86.Build.0 = Debug|Any CPU
		{05F6249E-0578-423C-B75D-5F5B80EF19D0}.Debug|x86.Deploy.0 = Debug|Any CPU
		{05F6249E-0578-423C-B75D-5F5B80EF19D0}.Release|Any CPU.ActiveCfg = Release|Any CPU
		{05F6249E-0578-423C-B75D-5F5B80EF19D0}.Release|Any CPU.Build.0 = Release|Any CPU
		{05F6249E-0578-423C-B75D-5F5B80EF19D0}.Release|Any CPU.Deploy.0 = Release|Any CPU
		{05F6249E-0578-423C-B75D-5F5B80EF19D0}.Release|ARM.ActiveCfg = Release|Any CPU
		{05F6249E-0578-423C-B75D-5F5B80EF19D0}.Release|ARM.Build.0 = Release|Any CPU
		{05F6249E-0578-423C-B75D-5F5B80EF19D0}.Release|ARM.Deploy.0 = Release|Any CPU
		{05F6249E-0578-423C-B75D-5F5B80EF19D0}.Release|iPhone.ActiveCfg = Release|Any CPU
		{05F6249E-0578-423C-B75D-5F5B80EF19D0}.Release|iPhone.Build.0 = Release|Any CPU
		{05F6249E-0578-423C-B75D-5F5B80EF19D0}.Release|iPhone.Deploy.0 = Release|Any CPU
		{05F6249E-0578-423C-B75D-5F5B80EF19D0}.Release|iPhoneSimulator.ActiveCfg = Release|Any CPU
		{05F6249E-0578-423C-B75D-5F5B80EF19D0}.Release|iPhoneSimulator.Build.0 = Release|Any CPU
		{05F6249E-0578-423C-B75D-5F5B80EF19D0}.Release|iPhoneSimulator.Deploy.0 = Release|Any CPU
		{05F6249E-0578-423C-B75D-5F5B80EF19D0}.Release|x64.ActiveCfg = Release|Any CPU
		{05F6249E-0578-423C-B75D-5F5B80EF19D0}.Release|x64.Build.0 = Release|Any CPU
		{05F6249E-0578-423C-B75D-5F5B80EF19D0}.Release|x64.Deploy.0 = Release|Any CPU
		{05F6249E-0578-423C-B75D-5F5B80EF19D0}.Release|x86.ActiveCfg = Release|Any CPU
		{05F6249E-0578-423C-B75D-5F5B80EF19D0}.Release|x86.Build.0 = Release|Any CPU
		{05F6249E-0578-423C-B75D-5F5B80EF19D0}.Release|x86.Deploy.0 = Release|Any CPU
		{04EEB06D-DE02-4F9D-9671-8A33BB12BFF4}.Debug|Any CPU.ActiveCfg = Debug|iPhone
		{04EEB06D-DE02-4F9D-9671-8A33BB12BFF4}.Debug|Any CPU.Build.0 = Debug|iPhone
		{04EEB06D-DE02-4F9D-9671-8A33BB12BFF4}.Debug|ARM.ActiveCfg = Debug|iPhone
		{04EEB06D-DE02-4F9D-9671-8A33BB12BFF4}.Debug|iPhone.ActiveCfg = Debug|iPhone
		{04EEB06D-DE02-4F9D-9671-8A33BB12BFF4}.Debug|iPhone.Build.0 = Debug|iPhone
		{04EEB06D-DE02-4F9D-9671-8A33BB12BFF4}.Debug|iPhone.Deploy.0 = Debug|iPhone
		{04EEB06D-DE02-4F9D-9671-8A33BB12BFF4}.Debug|iPhoneSimulator.ActiveCfg = Debug|iPhoneSimulator
		{04EEB06D-DE02-4F9D-9671-8A33BB12BFF4}.Debug|iPhoneSimulator.Build.0 = Debug|iPhoneSimulator
		{04EEB06D-DE02-4F9D-9671-8A33BB12BFF4}.Debug|iPhoneSimulator.Deploy.0 = Debug|iPhoneSimulator
		{04EEB06D-DE02-4F9D-9671-8A33BB12BFF4}.Debug|x64.ActiveCfg = Debug|iPhone
		{04EEB06D-DE02-4F9D-9671-8A33BB12BFF4}.Debug|x86.ActiveCfg = Debug|iPhone
		{04EEB06D-DE02-4F9D-9671-8A33BB12BFF4}.Release|Any CPU.ActiveCfg = Release|iPhone
		{04EEB06D-DE02-4F9D-9671-8A33BB12BFF4}.Release|ARM.ActiveCfg = Release|iPhone
		{04EEB06D-DE02-4F9D-9671-8A33BB12BFF4}.Release|iPhone.ActiveCfg = Release|iPhone
		{04EEB06D-DE02-4F9D-9671-8A33BB12BFF4}.Release|iPhone.Build.0 = Release|iPhone
		{04EEB06D-DE02-4F9D-9671-8A33BB12BFF4}.Release|iPhone.Deploy.0 = Release|iPhone
		{04EEB06D-DE02-4F9D-9671-8A33BB12BFF4}.Release|iPhoneSimulator.ActiveCfg = Release|iPhoneSimulator
		{04EEB06D-DE02-4F9D-9671-8A33BB12BFF4}.Release|iPhoneSimulator.Build.0 = Release|iPhoneSimulator
		{04EEB06D-DE02-4F9D-9671-8A33BB12BFF4}.Release|iPhoneSimulator.Deploy.0 = Release|iPhoneSimulator
		{04EEB06D-DE02-4F9D-9671-8A33BB12BFF4}.Release|x64.ActiveCfg = Release|iPhone
		{04EEB06D-DE02-4F9D-9671-8A33BB12BFF4}.Release|x86.ActiveCfg = Release|iPhone
	EndGlobalSection
	GlobalSection(SolutionProperties) = preSolution
		HideSolutionNode = FALSE
	EndGlobalSection
	GlobalSection(ExtensibilityGlobals) = postSolution
		SolutionGuid = {6A903CE1-148E-4564-8FED-90E58A2454E0}
	EndGlobalSection
EndGlobal
